// !$*UTF8*$!
{
	archiveVersion = 1;
	classes = {
	};
	objectVersion = 50;
	objects = {

/* Begin PBXBuildFile section */
		17ABD68725D9AFA900260701 /* AppDelegate.swift in Sources */ = {isa = PBXBuildFile; fileRef = 17ABD68625D9AFA900260701 /* AppDelegate.swift */; };
		17ABD68925D9AFA900260701 /* SceneDelegate.swift in Sources */ = {isa = PBXBuildFile; fileRef = 17ABD68825D9AFA900260701 /* SceneDelegate.swift */; };
		17ABD68B25D9AFA900260701 /* ViewController.swift in Sources */ = {isa = PBXBuildFile; fileRef = 17ABD68A25D9AFA900260701 /* ViewController.swift */; };
		17ABD68E25D9AFA900260701 /* Main.storyboard in Resources */ = {isa = PBXBuildFile; fileRef = 17ABD68C25D9AFA900260701 /* Main.storyboard */; };
		17ABD69025D9AFAA00260701 /* Assets.xcassets in Resources */ = {isa = PBXBuildFile; fileRef = 17ABD68F25D9AFAA00260701 /* Assets.xcassets */; };
		17ABD69325D9AFAA00260701 /* LaunchScreen.storyboard in Resources */ = {isa = PBXBuildFile; fileRef = 17ABD69125D9AFAA00260701 /* LaunchScreen.storyboard */; };
		17ABD69E25D9AFAB00260701 /* TrafficCameraMapTests.swift in Sources */ = {isa = PBXBuildFile; fileRef = 17ABD69D25D9AFAB00260701 /* TrafficCameraMapTests.swift */; };
		17ABD6A925D9AFAB00260701 /* TrafficCameraMapUITests.swift in Sources */ = {isa = PBXBuildFile; fileRef = 17ABD6A825D9AFAB00260701 /* TrafficCameraMapUITests.swift */; };
/* End PBXBuildFile section */

/* Begin PBXContainerItemProxy section */
		17ABD69A25D9AFAB00260701 /* PBXContainerItemProxy */ = {
			isa = PBXContainerItemProxy;
			containerPortal = 17ABD67B25D9AFA900260701 /* Project object */;
			proxyType = 1;
			remoteGlobalIDString = 17ABD68225D9AFA900260701;
			remoteInfo = TrafficCameraMap;
		};
		17ABD6A525D9AFAB00260701 /* PBXContainerItemProxy */ = {
			isa = PBXContainerItemProxy;
			containerPortal = 17ABD67B25D9AFA900260701 /* Project object */;
			proxyType = 1;
			remoteGlobalIDString = 17ABD68225D9AFA900260701;
			remoteInfo = TrafficCameraMap;
		};
/* End PBXContainerItemProxy section */

/* Begin PBXFileReference section */
		17ABD68325D9AFA900260701 /* TrafficCameraMap.app */ = {isa = PBXFileReference; explicitFileType = wrapper.application; includeInIndex = 0; path = TrafficCameraMap.app; sourceTree = BUILT_PRODUCTS_DIR; };
		17ABD68625D9AFA900260701 /* AppDelegate.swift */ = {isa = PBXFileReference; lastKnownFileType = sourcecode.swift; path = AppDelegate.swift; sourceTree = "<group>"; };
		17ABD68825D9AFA900260701 /* SceneDelegate.swift */ = {isa = PBXFileReference; lastKnownFileType = sourcecode.swift; path = SceneDelegate.swift; sourceTree = "<group>"; };
		17ABD68A25D9AFA900260701 /* ViewController.swift */ = {isa = PBXFileReference; lastKnownFileType = sourcecode.swift; path = ViewController.swift; sourceTree = "<group>"; };
		17ABD68D25D9AFA900260701 /* Base */ = {isa = PBXFileReference; lastKnownFileType = file.storyboard; name = Base; path = Base.lproj/Main.storyboard; sourceTree = "<group>"; };
		17ABD68F25D9AFAA00260701 /* Assets.xcassets */ = {isa = PBXFileReference; lastKnownFileType = folder.assetcatalog; path = Assets.xcassets; sourceTree = "<group>"; };
		17ABD69225D9AFAA00260701 /* Base */ = {isa = PBXFileReference; lastKnownFileType = file.storyboard; name = Base; path = Base.lproj/LaunchScreen.storyboard; sourceTree = "<group>"; };
		17ABD69425D9AFAA00260701 /* Info.plist */ = {isa = PBXFileReference; lastKnownFileType = text.plist.xml; path = Info.plist; sourceTree = "<group>"; };
		17ABD69925D9AFAB00260701 /* TrafficCameraMapTests.xctest */ = {isa = PBXFileReference; explicitFileType = wrapper.cfbundle; includeInIndex = 0; path = TrafficCameraMapTests.xctest; sourceTree = BUILT_PRODUCTS_DIR; };
		17ABD69D25D9AFAB00260701 /* TrafficCameraMapTests.swift */ = {isa = PBXFileReference; lastKnownFileType = sourcecode.swift; path = TrafficCameraMapTests.swift; sourceTree = "<group>"; };
		17ABD69F25D9AFAB00260701 /* Info.plist */ = {isa = PBXFileReference; lastKnownFileType = text.plist.xml; path = Info.plist; sourceTree = "<group>"; };
		17ABD6A425D9AFAB00260701 /* TrafficCameraMapUITests.xctest */ = {isa = PBXFileReference; explicitFileType = wrapper.cfbundle; includeInIndex = 0; path = TrafficCameraMapUITests.xctest; sourceTree = BUILT_PRODUCTS_DIR; };
		17ABD6A825D9AFAB00260701 /* TrafficCameraMapUITests.swift */ = {isa = PBXFileReference; lastKnownFileType = sourcecode.swift; path = TrafficCameraMapUITests.swift; sourceTree = "<group>"; };
		17ABD6AA25D9AFAB00260701 /* Info.plist */ = {isa = PBXFileReference; lastKnownFileType = text.plist.xml; path = Info.plist; sourceTree = "<group>"; };
/* End PBXFileReference section */

/* Begin PBXFrameworksBuildPhase section */
		17ABD68025D9AFA900260701 /* Frameworks */ = {
			isa = PBXFrameworksBuildPhase;
			buildActionMask = 2147483647;
			files = (
			);
			runOnlyForDeploymentPostprocessing = 0;
		};
		17ABD69625D9AFAB00260701 /* Frameworks */ = {
			isa = PBXFrameworksBuildPhase;
			buildActionMask = 2147483647;
			files = (
			);
			runOnlyForDeploymentPostprocessing = 0;
		};
		17ABD6A125D9AFAB00260701 /* Frameworks */ = {
			isa = PBXFrameworksBuildPhase;
			buildActionMask = 2147483647;
			files = (
			);
			runOnlyForDeploymentPostprocessing = 0;
		};
/* End PBXFrameworksBuildPhase section */

/* Begin PBXGroup section */
		17ABD67A25D9AFA900260701 = {
			isa = PBXGroup;
			children = (
				17ABD68525D9AFA900260701 /* TrafficCameraMap */,
				17ABD69C25D9AFAB00260701 /* TrafficCameraMapTests */,
				17ABD6A725D9AFAB00260701 /* TrafficCameraMapUITests */,
				17ABD68425D9AFA900260701 /* Products */,
			);
			sourceTree = "<group>";
		};
		17ABD68425D9AFA900260701 /* Products */ = {
			isa = PBXGroup;
			children = (
				17ABD68325D9AFA900260701 /* TrafficCameraMap.app */,
				17ABD69925D9AFAB00260701 /* TrafficCameraMapTests.xctest */,
				17ABD6A425D9AFAB00260701 /* TrafficCameraMapUITests.xctest */,
			);
			name = Products;
			sourceTree = "<group>";
		};
		17ABD68525D9AFA900260701 /* TrafficCameraMap */ = {
			isa = PBXGroup;
			children = (
				17ABD68625D9AFA900260701 /* AppDelegate.swift */,
				17ABD68825D9AFA900260701 /* SceneDelegate.swift */,
				17ABD68A25D9AFA900260701 /* ViewController.swift */,
				17ABD68C25D9AFA900260701 /* Main.storyboard */,
				17ABD68F25D9AFAA00260701 /* Assets.xcassets */,
				17ABD69125D9AFAA00260701 /* LaunchScreen.storyboard */,
				17ABD69425D9AFAA00260701 /* Info.plist */,
			);
			path = TrafficCameraMap;
			sourceTree = "<group>";
		};
		17ABD69C25D9AFAB00260701 /* TrafficCameraMapTests */ = {
			isa = PBXGroup;
			children = (
				17ABD69D25D9AFAB00260701 /* TrafficCameraMapTests.swift */,
				17ABD69F25D9AFAB00260701 /* Info.plist */,
			);
			path = TrafficCameraMapTests;
			sourceTree = "<group>";
		};
		17ABD6A725D9AFAB00260701 /* TrafficCameraMapUITests */ = {
			isa = PBXGroup;
			children = (
				17ABD6A825D9AFAB00260701 /* TrafficCameraMapUITests.swift */,
				17ABD6AA25D9AFAB00260701 /* Info.plist */,
			);
			path = TrafficCameraMapUITests;
			sourceTree = "<group>";
		};
/* End PBXGroup section */

/* Begin PBXNativeTarget section */
		17ABD68225D9AFA900260701 /* TrafficCameraMap */ = {
			isa = PBXNativeTarget;
			buildConfigurationList = 17ABD6AD25D9AFAB00260701 /* Build configuration list for PBXNativeTarget "TrafficCameraMap" */;
			buildPhases = (
				17ABD67F25D9AFA900260701 /* Sources */,
				17ABD68025D9AFA900260701 /* Frameworks */,
				17ABD68125D9AFA900260701 /* Resources */,
			);
			buildRules = (
			);
			dependencies = (
			);
			name = TrafficCameraMap;
			productName = TrafficCameraMap;
			productReference = 17ABD68325D9AFA900260701 /* TrafficCameraMap.app */;
			productType = "com.apple.product-type.application";
		};
		17ABD69825D9AFAB00260701 /* TrafficCameraMapTests */ = {
			isa = PBXNativeTarget;
			buildConfigurationList = 17ABD6B025D9AFAB00260701 /* Build configuration list for PBXNativeTarget "TrafficCameraMapTests" */;
			buildPhases = (
				17ABD69525D9AFAB00260701 /* Sources */,
				17ABD69625D9AFAB00260701 /* Frameworks */,
				17ABD69725D9AFAB00260701 /* Resources */,
			);
			buildRules = (
			);
			dependencies = (
				17ABD69B25D9AFAB00260701 /* PBXTargetDependency */,
			);
			name = TrafficCameraMapTests;
			productName = TrafficCameraMapTests;
			productReference = 17ABD69925D9AFAB00260701 /* TrafficCameraMapTests.xctest */;
			productType = "com.apple.product-type.bundle.unit-test";
		};
		17ABD6A325D9AFAB00260701 /* TrafficCameraMapUITests */ = {
			isa = PBXNativeTarget;
			buildConfigurationList = 17ABD6B325D9AFAB00260701 /* Build configuration list for PBXNativeTarget "TrafficCameraMapUITests" */;
			buildPhases = (
				17ABD6A025D9AFAB00260701 /* Sources */,
				17ABD6A125D9AFAB00260701 /* Frameworks */,
				17ABD6A225D9AFAB00260701 /* Resources */,
			);
			buildRules = (
			);
			dependencies = (
				17ABD6A625D9AFAB00260701 /* PBXTargetDependency */,
			);
			name = TrafficCameraMapUITests;
			productName = TrafficCameraMapUITests;
			productReference = 17ABD6A425D9AFAB00260701 /* TrafficCameraMapUITests.xctest */;
			productType = "com.apple.product-type.bundle.ui-testing";
		};
/* End PBXNativeTarget section */

/* Begin PBXProject section */
		17ABD67B25D9AFA900260701 /* Project object */ = {
			isa = PBXProject;
			attributes = {
				LastSwiftUpdateCheck = 1240;
				LastUpgradeCheck = 1240;
				TargetAttributes = {
					17ABD68225D9AFA900260701 = {
						CreatedOnToolsVersion = 12.4;
					};
					17ABD69825D9AFAB00260701 = {
						CreatedOnToolsVersion = 12.4;
						TestTargetID = 17ABD68225D9AFA900260701;
					};
					17ABD6A325D9AFAB00260701 = {
						CreatedOnToolsVersion = 12.4;
						TestTargetID = 17ABD68225D9AFA900260701;
					};
				};
			};
			buildConfigurationList = 17ABD67E25D9AFA900260701 /* Build configuration list for PBXProject "TrafficCameraMap" */;
			compatibilityVersion = "Xcode 9.3";
			developmentRegion = en;
			hasScannedForEncodings = 0;
			knownRegions = (
				en,
				Base,
			);
			mainGroup = 17ABD67A25D9AFA900260701;
			productRefGroup = 17ABD68425D9AFA900260701 /* Products */;
			projectDirPath = "";
			projectRoot = "";
			targets = (
				17ABD68225D9AFA900260701 /* TrafficCameraMap */,
				17ABD69825D9AFAB00260701 /* TrafficCameraMapTests */,
				17ABD6A325D9AFAB00260701 /* TrafficCameraMapUITests */,
			);
		};
/* End PBXProject section */

/* Begin PBXResourcesBuildPhase section */
		17ABD68125D9AFA900260701 /* Resources */ = {
			isa = PBXResourcesBuildPhase;
			buildActionMask = 2147483647;
			files = (
				17ABD69325D9AFAA00260701 /* LaunchScreen.storyboard in Resources */,
				17ABD69025D9AFAA00260701 /* Assets.xcassets in Resources */,
				17ABD68E25D9AFA900260701 /* Main.storyboard in Resources */,
			);
			runOnlyForDeploymentPostprocessing = 0;
		};
		17ABD69725D9AFAB00260701 /* Resources */ = {
			isa = PBXResourcesBuildPhase;
			buildActionMask = 2147483647;
			files = (
			);
			runOnlyForDeploymentPostprocessing = 0;
		};
		17ABD6A225D9AFAB00260701 /* Resources */ = {
			isa = PBXResourcesBuildPhase;
			buildActionMask = 2147483647;
			files = (
			);
			runOnlyForDeploymentPostprocessing = 0;
		};
/* End PBXResourcesBuildPhase section */

/* Begin PBXSourcesBuildPhase section */
		17ABD67F25D9AFA900260701 /* Sources */ = {
			isa = PBXSourcesBuildPhase;
			buildActionMask = 2147483647;
			files = (
				17ABD68B25D9AFA900260701 /* ViewController.swift in Sources */,
				17ABD68725D9AFA900260701 /* AppDelegate.swift in Sources */,
				17ABD68925D9AFA900260701 /* SceneDelegate.swift in Sources */,
			);
			runOnlyForDeploymentPostprocessing = 0;
		};
		17ABD69525D9AFAB00260701 /* Sources */ = {
			isa = PBXSourcesBuildPhase;
			buildActionMask = 2147483647;
			files = (
				17ABD69E25D9AFAB00260701 /* TrafficCameraMapTests.swift in Sources */,
			);
			runOnlyForDeploymentPostprocessing = 0;
		};
		17ABD6A025D9AFAB00260701 /* Sources */ = {
			isa = PBXSourcesBuildPhase;
			buildActionMask = 2147483647;
			files = (
				17ABD6A925D9AFAB00260701 /* TrafficCameraMapUITests.swift in Sources */,
			);
			runOnlyForDeploymentPostprocessing = 0;
		};
/* End PBXSourcesBuildPhase section */

/* Begin PBXTargetDependency section */
		17ABD69B25D9AFAB00260701 /* PBXTargetDependency */ = {
			isa = PBXTargetDependency;
			target = 17ABD68225D9AFA900260701 /* TrafficCameraMap */;
			targetProxy = 17ABD69A25D9AFAB00260701 /* PBXContainerItemProxy */;
		};
		17ABD6A625D9AFAB00260701 /* PBXTargetDependency */ = {
			isa = PBXTargetDependency;
			target = 17ABD68225D9AFA900260701 /* TrafficCameraMap */;
			targetProxy = 17ABD6A525D9AFAB00260701 /* PBXContainerItemProxy */;
		};
/* End PBXTargetDependency section */

/* Begin PBXVariantGroup section */
		17ABD68C25D9AFA900260701 /* Main.storyboard */ = {
			isa = PBXVariantGroup;
			children = (
				17ABD68D25D9AFA900260701 /* Base */,
			);
			name = Main.storyboard;
			sourceTree = "<group>";
		};
		17ABD69125D9AFAA00260701 /* LaunchScreen.storyboard */ = {
			isa = PBXVariantGroup;
			children = (
				17ABD69225D9AFAA00260701 /* Base */,
			);
			name = LaunchScreen.storyboard;
			sourceTree = "<group>";
		};
/* End PBXVariantGroup section */

/* Begin XCBuildConfiguration section */
		17ABD6AB25D9AFAB00260701 /* Debug */ = {
			isa = XCBuildConfiguration;
			buildSettings = {
				ALWAYS_SEARCH_USER_PATHS = NO;
				CLANG_ANALYZER_NONNULL = YES;
				CLANG_ANALYZER_NUMBER_OBJECT_CONVERSION = YES_AGGRESSIVE;
				CLANG_CXX_LANGUAGE_STANDARD = "gnu++14";
				CLANG_CXX_LIBRARY = "libc++";
				CLANG_ENABLE_MODULES = YES;
				CLANG_ENABLE_OBJC_ARC = YES;
				CLANG_ENABLE_OBJC_WEAK = YES;
				CLANG_WARN_BLOCK_CAPTURE_AUTORELEASING = YES;
				CLANG_WARN_BOOL_CONVERSION = YES;
				CLANG_WARN_COMMA = YES;
				CLANG_WARN_CONSTANT_CONVERSION = YES;
				CLANG_WARN_DEPRECATED_OBJC_IMPLEMENTATIONS = YES;
				CLANG_WARN_DIRECT_OBJC_ISA_USAGE = YES_ERROR;
				CLANG_WARN_DOCUMENTATION_COMMENTS = YES;
				CLANG_WARN_EMPTY_BODY = YES;
				CLANG_WARN_ENUM_CONVERSION = YES;
				CLANG_WARN_INFINITE_RECURSION = YES;
				CLANG_WARN_INT_CONVERSION = YES;
				CLANG_WARN_NON_LITERAL_NULL_CONVERSION = YES;
				CLANG_WARN_OBJC_IMPLICIT_RETAIN_SELF = YES;
				CLANG_WARN_OBJC_LITERAL_CONVERSION = YES;
				CLANG_WARN_OBJC_ROOT_CLASS = YES_ERROR;
				CLANG_WARN_QUOTED_INCLUDE_IN_FRAMEWORK_HEADER = YES;
				CLANG_WARN_RANGE_LOOP_ANALYSIS = YES;
				CLANG_WARN_STRICT_PROTOTYPES = YES;
				CLANG_WARN_SUSPICIOUS_MOVE = YES;
				CLANG_WARN_UNGUARDED_AVAILABILITY = YES_AGGRESSIVE;
				CLANG_WARN_UNREACHABLE_CODE = YES;
				CLANG_WARN__DUPLICATE_METHOD_MATCH = YES;
				COPY_PHASE_STRIP = NO;
				DEBUG_INFORMATION_FORMAT = dwarf;
				ENABLE_STRICT_OBJC_MSGSEND = YES;
				ENABLE_TESTABILITY = YES;
				GCC_C_LANGUAGE_STANDARD = gnu11;
				GCC_DYNAMIC_NO_PIC = NO;
				GCC_NO_COMMON_BLOCKS = YES;
				GCC_OPTIMIZATION_LEVEL = 0;
				GCC_PREPROCESSOR_DEFINITIONS = (
					"DEBUG=1",
					"$(inherited)",
				);
				GCC_WARN_64_TO_32_BIT_CONVERSION = YES;
				GCC_WARN_ABOUT_RETURN_TYPE = YES_ERROR;
				GCC_WARN_UNDECLARED_SELECTOR = YES;
				GCC_WARN_UNINITIALIZED_AUTOS = YES_AGGRESSIVE;
				GCC_WARN_UNUSED_FUNCTION = YES;
				GCC_WARN_UNUSED_VARIABLE = YES;
				IPHONEOS_DEPLOYMENT_TARGET = 14.4;
				MTL_ENABLE_DEBUG_INFO = INCLUDE_SOURCE;
				MTL_FAST_MATH = YES;
				ONLY_ACTIVE_ARCH = YES;
				SDKROOT = iphoneos;
				SWIFT_ACTIVE_COMPILATION_CONDITIONS = DEBUG;
				SWIFT_OPTIMIZATION_LEVEL = "-Onone";
			};
			name = Debug;
		};
		17ABD6AC25D9AFAB00260701 /* Release */ = {
			isa = XCBuildConfiguration;
			buildSettings = {
				ALWAYS_SEARCH_USER_PATHS = NO;
				CLANG_ANALYZER_NONNULL = YES;
				CLANG_ANALYZER_NUMBER_OBJECT_CONVERSION = YES_AGGRESSIVE;
				CLANG_CXX_LANGUAGE_STANDARD = "gnu++14";
				CLANG_CXX_LIBRARY = "libc++";
				CLANG_ENABLE_MODULES = YES;
				CLANG_ENABLE_OBJC_ARC = YES;
				CLANG_ENABLE_OBJC_WEAK = YES;
				CLANG_WARN_BLOCK_CAPTURE_AUTORELEASING = YES;
				CLANG_WARN_BOOL_CONVERSION = YES;
				CLANG_WARN_COMMA = YES;
				CLANG_WARN_CONSTANT_CONVERSION = YES;
				CLANG_WARN_DEPRECATED_OBJC_IMPLEMENTATIONS = YES;
				CLANG_WARN_DIRECT_OBJC_ISA_USAGE = YES_ERROR;
				CLANG_WARN_DOCUMENTATION_COMMENTS = YES;
				CLANG_WARN_EMPTY_BODY = YES;
				CLANG_WARN_ENUM_CONVERSION = YES;
				CLANG_WARN_INFINITE_RECURSION = YES;
				CLANG_WARN_INT_CONVERSION = YES;
				CLANG_WARN_NON_LITERAL_NULL_CONVERSION = YES;
				CLANG_WARN_OBJC_IMPLICIT_RETAIN_SELF = YES;
				CLANG_WARN_OBJC_LITERAL_CONVERSION = YES;
				CLANG_WARN_OBJC_ROOT_CLASS = YES_ERROR;
				CLANG_WARN_QUOTED_INCLUDE_IN_FRAMEWORK_HEADER = YES;
				CLANG_WARN_RANGE_LOOP_ANALYSIS = YES;
				CLANG_WARN_STRICT_PROTOTYPES = YES;
				CLANG_WARN_SUSPICIOUS_MOVE = YES;
				CLANG_WARN_UNGUARDED_AVAILABILITY = YES_AGGRESSIVE;
				CLANG_WARN_UNREACHABLE_CODE = YES;
				CLANG_WARN__DUPLICATE_METHOD_MATCH = YES;
				COPY_PHASE_STRIP = NO;
				DEBUG_INFORMATION_FORMAT = "dwarf-with-dsym";
				ENABLE_NS_ASSERTIONS = NO;
				ENABLE_STRICT_OBJC_MSGSEND = YES;
				GCC_C_LANGUAGE_STANDARD = gnu11;
				GCC_NO_COMMON_BLOCKS = YES;
				GCC_WARN_64_TO_32_BIT_CONVERSION = YES;
				GCC_WARN_ABOUT_RETURN_TYPE = YES_ERROR;
				GCC_WARN_UNDECLARED_SELECTOR = YES;
				GCC_WARN_UNINITIALIZED_AUTOS = YES_AGGRESSIVE;
				GCC_WARN_UNUSED_FUNCTION = YES;
				GCC_WARN_UNUSED_VARIABLE = YES;
				IPHONEOS_DEPLOYMENT_TARGET = 14.4;
				MTL_ENABLE_DEBUG_INFO = NO;
				MTL_FAST_MATH = YES;
				SDKROOT = iphoneos;
				SWIFT_COMPILATION_MODE = wholemodule;
				SWIFT_OPTIMIZATION_LEVEL = "-O";
				VALIDATE_PRODUCT = YES;
			};
			name = Release;
		};
		17ABD6AE25D9AFAB00260701 /* Debug */ = {
			isa = XCBuildConfiguration;
			buildSettings = {
				ASSETCATALOG_COMPILER_APPICON_NAME = AppIcon;
				ASSETCATALOG_COMPILER_GLOBAL_ACCENT_COLOR_NAME = AccentColor;
				CODE_SIGN_STYLE = Automatic;
				DEVELOPMENT_TEAM = TTQKV8DY33;
				INFOPLIST_FILE = TrafficCameraMap/Info.plist;
				LD_RUNPATH_SEARCH_PATHS = (
					"$(inherited)",
					"@executable_path/Frameworks",
				);
				PRODUCT_BUNDLE_IDENTIFIER = rudra.testing.TrafficCameraMap;
				PRODUCT_NAME = "$(TARGET_NAME)";
				SWIFT_VERSION = 5.0;
				TARGETED_DEVICE_FAMILY = "1,2";
			};
			name = Debug;
		};
		17ABD6AF25D9AFAB00260701 /* Release */ = {
			isa = XCBuildConfiguration;
			buildSettings = {
				ASSETCATALOG_COMPILER_APPICON_NAME = AppIcon;
				ASSETCATALOG_COMPILER_GLOBAL_ACCENT_COLOR_NAME = AccentColor;
				CODE_SIGN_STYLE = Automatic;
				DEVELOPMENT_TEAM = TTQKV8DY33;
				INFOPLIST_FILE = TrafficCameraMap/Info.plist;
				LD_RUNPATH_SEARCH_PATHS = (
					"$(inherited)",
					"@executable_path/Frameworks",
				);
				PRODUCT_BUNDLE_IDENTIFIER = rudra.testing.TrafficCameraMap;
				PRODUCT_NAME = "$(TARGET_NAME)";
				SWIFT_VERSION = 5.0;
				TARGETED_DEVICE_FAMILY = "1,2";
			};
			name = Release;
		};
		17ABD6B125D9AFAB00260701 /* Debug */ = {
			isa = XCBuildConfiguration;
			buildSettings = {
				ALWAYS_EMBED_SWIFT_STANDARD_LIBRARIES = YES;
				BUNDLE_LOADER = "$(TEST_HOST)";
				CODE_SIGN_STYLE = Automatic;
				DEVELOPMENT_TEAM = TTQKV8DY33;
				INFOPLIST_FILE = TrafficCameraMapTests/Info.plist;
				IPHONEOS_DEPLOYMENT_TARGET = 14.4;
				LD_RUNPATH_SEARCH_PATHS = (
					"$(inherited)",
					"@executable_path/Frameworks",
					"@loader_path/Frameworks",
				);
				PRODUCT_BUNDLE_IDENTIFIER = rudra.testing.TrafficCameraMapTests;
				PRODUCT_NAME = "$(TARGET_NAME)";
				SWIFT_VERSION = 5.0;
				TARGETED_DEVICE_FAMILY = "1,2";
				TEST_HOST = "$(BUILT_PRODUCTS_DIR)/TrafficCameraMap.app/TrafficCameraMap";
			};
			name = Debug;
		};
		17ABD6B225D9AFAB00260701 /* Release */ = {
			isa = XCBuildConfiguration;
			buildSettings = {
				ALWAYS_EMBED_SWIFT_STANDARD_LIBRARIES = YES;
				BUNDLE_LOADER = "$(TEST_HOST)";
				CODE_SIGN_STYLE = Automatic;
				DEVELOPMENT_TEAM = TTQKV8DY33;
				INFOPLIST_FILE = TrafficCameraMapTests/Info.plist;
				IPHONEOS_DEPLOYMENT_TARGET = 14.4;
				LD_RUNPATH_SEARCH_PATHS = (
					"$(inherited)",
					"@executable_path/Frameworks",
					"@loader_path/Frameworks",
				);
				PRODUCT_BUNDLE_IDENTIFIER = rudra.testing.TrafficCameraMapTests;
				PRODUCT_NAME = "$(TARGET_NAME)";
				SWIFT_VERSION = 5.0;
				TARGETED_DEVICE_FAMILY = "1,2";
				TEST_HOST = "$(BUILT_PRODUCTS_DIR)/TrafficCameraMap.app/TrafficCameraMap";
			};
			name = Release;
		};
		17ABD6B425D9AFAB00260701 /* Debug */ = {
			isa = XCBuildConfiguration;
			buildSettings = {
				ALWAYS_EMBED_SWIFT_STANDARD_LIBRARIES = YES;
				CODE_SIGN_STYLE = Automatic;
				DEVELOPMENT_TEAM = TTQKV8DY33;
				INFOPLIST_FILE = TrafficCameraMapUITests/Info.plist;
				LD_RUNPATH_SEARCH_PATHS = (
					"$(inherited)",
					"@executable_path/Frameworks",
					"@loader_path/Frameworks",
				);
				PRODUCT_BUNDLE_IDENTIFIER = rudra.testing.TrafficCameraMapUITests;
				PRODUCT_NAME = "$(TARGET_NAME)";
				SWIFT_VERSION = 5.0;
				TARGETED_DEVICE_FAMILY = "1,2";
				TEST_TARGET_NAME = TrafficCameraMap;
			};
			name = Debug;
		};
		17ABD6B525D9AFAB00260701 /* Release */ = {
			isa = XCBuildConfiguration;
			buildSettings = {
				ALWAYS_EMBED_SWIFT_STANDARD_LIBRARIES = YES;
				CODE_SIGN_STYLE = Automatic;
				DEVELOPMENT_TEAM = TTQKV8DY33;
				INFOPLIST_FILE = TrafficCameraMapUITests/Info.plist;
				LD_RUNPATH_SEARCH_PATHS = (
					"$(inherited)",
					"@executable_path/Frameworks",
					"@loader_path/Frameworks",
				);
				PRODUCT_BUNDLE_IDENTIFIER = rudra.testing.TrafficCameraMapUITests;
				PRODUCT_NAME = "$(TARGET_NAME)";
				SWIFT_VERSION = 5.0;
				TARGETED_DEVICE_FAMILY = "1,2";
				TEST_TARGET_NAME = TrafficCameraMap;
			};
			name = Release;
		};
/* End XCBuildConfiguration section */

/* Begin XCConfigurationList section */
		17ABD67E25D9AFA900260701 /* Build configuration list for PBXProject "TrafficCameraMap" */ = {
			isa = XCConfigurationList;
			buildConfigurations = (
				17ABD6AB25D9AFAB00260701 /* Debug */,
				17ABD6AC25D9AFAB00260701 /* Release */,
			);
			defaultConfigurationIsVisible = 0;
			defaultConfigurationName = Release;
		};
		17ABD6AD25D9AFAB00260701 /* Build configuration list for PBXNativeTarget "TrafficCameraMap" */ = {
			isa = XCConfigurationList;
			buildConfigurations = (
				17ABD6AE25D9AFAB00260701 /* Debug */,
				17ABD6AF25D9AFAB00260701 /* Release */,
			);
			defaultConfigurationIsVisible = 0;
			defaultConfigurationName = Release;
		};
		17ABD6B025D9AFAB00260701 /* Build configuration list for PBXNativeTarget "TrafficCameraMapTests" */ = {
			isa = XCConfigurationList;
			buildConfigurations = (
				17ABD6B125D9AFAB00260701 /* Debug */,
				17ABD6B225D9AFAB00260701 /* Release */,
			);
			defaultConfigurationIsVisible = 0;
			defaultConfigurationName = Release;
		};
		17ABD6B325D9AFAB00260701 /* Build configuration list for PBXNativeTarget "TrafficCameraMapUITests" */ = {
			isa = XCConfigurationList;
			buildConfigurations = (
				17ABD6B425D9AFAB00260701 /* Debug */,
				17ABD6B525D9AFAB00260701 /* Release */,
			);
			defaultConfigurationIsVisible = 0;
			defaultConfigurationName = Release;
		};
/* End XCConfigurationList section */
	};
	rootObject = 17ABD67B25D9AFA900260701 /* Project object */;
}
